# THIS IS AN AUTOGENERATED FILE. DO NOT EDIT THIS FILE DIRECTLY.
# yarn lockfile v1


async@^1.4.2:
  version "1.5.2"
  resolved "https://registry.yarnpkg.com/async/-/async-1.5.2.tgz#ec6a61ae56480c0c3cb241c95618e20892f9672a"

cssauron@^1.4.0:
  version "1.4.0"
  resolved "https://registry.yarnpkg.com/cssauron/-/cssauron-1.4.0.tgz#a6602dff7e04a8306dc0db9a551e92e8b5662ad8"
  dependencies:
    through X.X.X

glsl-man@^1.1.14:
  version "1.1.14"
  resolved "https://registry.yarnpkg.com/glsl-man/-/glsl-man-1.1.14.tgz#14acf7969d3cd9113cbff291ea1991a469022630"
  dependencies:
    cssauron "^1.4.0"
    tree-traversal "^1.1.1"

through@X.X.X:
  version "2.3.8"
  resolved "https://registry.yarnpkg.com/through/-/through-2.3.8.tgz#0dd4c9ffaabc357960b1b724115d7e0e86a2e1f5"

tree-traversal@^1.1.1:
  version "1.1.1"
  resolved "https://registry.yarnpkg.com/tree-traversal/-/tree-traversal-1.1.1.tgz#71483b3cbe01c5c3214f5a58383baaa0cf1dccbe"
  dependencies:
    async "^1.4.2"
